
Microsoft Visual Studio Solution File, Format Version 9.00
# Visual Studio 2005
Project("{FAE04EC0-301F-11D3-BF4B-00C04F79EFBC}") = "C_SHAP_VS2005_DLL_Relay", "C_SHAP_VS2005_DLL_Relay\C_SHAP_VS2005_DLL_Relay.csproj", "{EF5087B9-D298-4229-9B5D-C3736D4412BB}"
EndProject
Global
	GlobalSection(SolutionConfigurationPlatforms) = preSolution
		Debug|Any CPU = Debug|Any CPU
		Release|Any CPU = Release|Any CPU
	EndGlobalSection
	GlobalSection(ProjectConfigurationPlatforms) = postSolution
		{EF5087B9-D298-4229-9B5D-C3736D4412BB}.Debug|Any CPU.ActiveCfg = Debug|Any CPU
		{EF5087B9-D298-4229-9B5D-C3736D4412BB}.Debug|Any CPU.Build.0 = Debug|Any CPU
		{EF5087B9-D298-4229-9B5D-C3736D4412BB}.Release|Any CPU.ActiveCfg = Release|Any CPU
		{EF5087B9-D298-4229-9B5D-C3736D4412BB}.Release|Any CPU.Build.0 = Release|Any CPU
	EndGlobalSection
	GlobalSection(SolutionProperties) = preSolution
		HideSolutionNode = FALSE
	EndGlobalSection
EndGlobal
